// !$*UTF8*$!
{
	archiveVersion = 1;
	classes = {
	};
	objectVersion = 56;
	objects = {

/* Begin PBXBuildFile section */
		A10000000000000000000001 /* TouchCodeApp.swift in Sources */ = {isa = PBXBuildFile; fileRef = B10000000000000000000001 /* TouchCodeApp.swift */; };
		A10000000000000000000002 /* TouchCodeModels.swift in Sources */ = {isa = PBXBuildFile; fileRef = B10000000000000000000002 /* TouchCodeModels.swift */; };
		A10000000000000000000003 /* TouchCodeAPIClient.swift in Sources */ = {isa = PBXBuildFile; fileRef = B10000000000000000000003 /* TouchCodeAPIClient.swift */; };
		A10000000000000000000004 /* PreviewController.swift in Sources */ = {isa = PBXBuildFile; fileRef = B10000000000000000000004 /* PreviewController.swift */; };
		A10000000000000000000005 /* PreviewWebView.swift in Sources */ = {isa = PBXBuildFile; fileRef = B10000000000000000000005 /* PreviewWebView.swift */; };
		A10000000000000000000006 /* PencilOverlay.swift in Sources */ = {isa = PBXBuildFile; fileRef = B10000000000000000000006 /* PencilOverlay.swift */; };
		A10000000000000000000007 /* ConnectionView.swift in Sources */ = {isa = PBXBuildFile; fileRef = B10000000000000000000007 /* ConnectionView.swift */; };
		A10000000000000000000008 /* WorkspaceView.swift in Sources */ = {isa = PBXBuildFile; fileRef = B10000000000000000000008 /* WorkspaceView.swift */; };
/* End PBXBuildFile section */

/* Begin PBXFileReference section */
		B10000000000000000000001 /* TouchCodeApp.swift */ = {isa = PBXFileReference; lastKnownFileType = sourcecode.swift; path = TouchCodeApp.swift; sourceTree = "<group>"; };
		B10000000000000000000002 /* TouchCodeModels.swift */ = {isa = PBXFileReference; lastKnownFileType = sourcecode.swift; path = TouchCodeModels.swift; sourceTree = "<group>"; };
		B10000000000000000000003 /* TouchCodeAPIClient.swift */ = {isa = PBXFileReference; lastKnownFileType = sourcecode.swift; path = TouchCodeAPIClient.swift; sourceTree = "<group>"; };
		B10000000000000000000004 /* PreviewController.swift */ = {isa = PBXFileReference; lastKnownFileType = sourcecode.swift; path = PreviewController.swift; sourceTree = "<group>"; };
		B10000000000000000000005 /* PreviewWebView.swift */ = {isa = PBXFileReference; lastKnownFileType = sourcecode.swift; path = PreviewWebView.swift; sourceTree = "<group>"; };
		B10000000000000000000006 /* PencilOverlay.swift */ = {isa = PBXFileReference; lastKnownFileType = sourcecode.swift; path = PencilOverlay.swift; sourceTree = "<group>"; };
		B10000000000000000000007 /* ConnectionView.swift */ = {isa = PBXFileReference; lastKnownFileType = sourcecode.swift; path = ConnectionView.swift; sourceTree = "<group>"; };
		B10000000000000000000008 /* WorkspaceView.swift */ = {isa = PBXFileReference; lastKnownFileType = sourcecode.swift; path = WorkspaceView.swift; sourceTree = "<group>"; };
		B10000000000000000000009 /* Info.plist */ = {isa = PBXFileReference; lastKnownFileType = text.plist.xml; path = Info.plist; sourceTree = "<group>"; };
		B1000000000000000000000A /* TouchCode.app */ = {isa = PBXFileReference; explicitFileType = wrapper.application; includeInIndex = 0; path = TouchCode.app; sourceTree = BUILT_PRODUCTS_DIR; };
/* End PBXFileReference section */

/* Begin PBXFrameworksBuildPhase section */
		C10000000000000000000001 /* Frameworks */ = {
			isa = PBXFrameworksBuildPhase;
			buildActionMask = 2147483647;
			files = (
			);
			runOnlyForDeploymentPostprocessing = 0;
		};
/* End PBXFrameworksBuildPhase section */

/* Begin PBXGroup section */
		D10000000000000000000001 = {
			isa = PBXGroup;
			children = (
				D10000000000000000000002 /* TouchCode */,
				D10000000000000000000009 /* Products */,
			);
			sourceTree = "<group>";
		};
		D10000000000000000000002 /* TouchCode */ = {
			isa = PBXGroup;
			children = (
				B10000000000000000000001 /* TouchCodeApp.swift */,
				D10000000000000000000003 /* Models */,
				D10000000000000000000004 /* Networking */,
				D10000000000000000000005 /* WebPreview */,
				D10000000000000000000006 /* Pencil */,
				D10000000000000000000007 /* Views */,
				B10000000000000000000009 /* Info.plist */,
			);
			path = TouchCode;
			sourceTree = "<group>";
		};
		D10000000000000000000003 /* Models */ = {
			isa = PBXGroup;
			children = (
				B10000000000000000000002 /* TouchCodeModels.swift */,
			);
			path = Models;
			sourceTree = "<group>";
		};
		D10000000000000000000004 /* Networking */ = {
			isa = PBXGroup;
			children = (
				B10000000000000000000003 /* TouchCodeAPIClient.swift */,
			);
			path = Networking;
			sourceTree = "<group>";
		};
		D10000000000000000000005 /* WebPreview */ = {
			isa = PBXGroup;
			children = (
				B10000000000000000000004 /* PreviewController.swift */,
				B10000000000000000000005 /* PreviewWebView.swift */,
			);
			path = WebPreview;
			sourceTree = "<group>";
		};
		D10000000000000000000006 /* Pencil */ = {
			isa = PBXGroup;
			children = (
				B10000000000000000000006 /* PencilOverlay.swift */,
			);
			path = Pencil;
			sourceTree = "<group>";
		};
		D10000000000000000000007 /* Views */ = {
			isa = PBXGroup;
			children = (
				B10000000000000000000007 /* ConnectionView.swift */,
				B10000000000000000000008 /* WorkspaceView.swift */,
			);
			path = Views;
			sourceTree = "<group>";
		};
		D10000000000000000000009 /* Products */ = {
			isa = PBXGroup;
			children = (
				B1000000000000000000000A /* TouchCode.app */,
			);
			name = Products;
			sourceTree = "<group>";
		};
/* End PBXGroup section */

/* Begin PBXNativeTarget section */
		E10000000000000000000001 /* TouchCode */ = {
			isa = PBXNativeTarget;
			buildConfigurationList = F10000000000000000000002 /* Build configuration list for PBXNativeTarget "TouchCode" */;
			buildPhases = (
				C10000000000000000000002 /* Sources */,
				C10000000000000000000001 /* Frameworks */,
				C10000000000000000000003 /* Resources */,
			);
			buildRules = (
			);
			dependencies = (
			);
			name = TouchCode;
			productName = TouchCode;
			productReference = B1000000000000000000000A /* TouchCode.app */;
			productType = "com.apple.product-type.application";
		};
/* End PBXNativeTarget section */

/* Begin PBXProject section */
		E10000000000000000000002 /* Project object */ = {
			isa = PBXProject;
			attributes = {
				BuildIndependentTargetsInParallel = 1;
				LastSwiftUpdateCheck = 1600;
				LastUpgradeCheck = 2700;
				TargetAttributes = {
					E10000000000000000000001 = {
						CreatedOnToolsVersion = 16.0;
					};
				};
			};
			buildConfigurationList = F10000000000000000000001 /* Build configuration list for PBXProject "TouchCode" */;
			compatibilityVersion = "Xcode 14.0";
			developmentRegion = en;
			hasScannedForEncodings = 0;
			knownRegions = (
				en,
				Base,
			);
			mainGroup = D10000000000000000000001;
			productRefGroup = D10000000000000000000009 /* Products */;
			projectDirPath = "";
			projectRoot = "";
			targets = (
				E10000000000000000000001 /* TouchCode */,
			);
		};
/* End PBXProject section */

/* Begin PBXResourcesBuildPhase section */
		C10000000000000000000003 /* Resources */ = {
			isa = PBXResourcesBuildPhase;
			buildActionMask = 2147483647;
			files = (
			);
			runOnlyForDeploymentPostprocessing = 0;
		};
/* End PBXResourcesBuildPhase section */

/* Begin PBXSourcesBuildPhase section */
		C10000000000000000000002 /* Sources */ = {
			isa = PBXSourcesBuildPhase;
			buildActionMask = 2147483647;
			files = (
				A10000000000000000000001 /* TouchCodeApp.swift in Sources */,
				A10000000000000000000002 /* TouchCodeModels.swift in Sources */,
				A10000000000000000000003 /* TouchCodeAPIClient.swift in Sources */,
				A10000000000000000000004 /* PreviewController.swift in Sources */,
				A10000000000000000000005 /* PreviewWebView.swift in Sources */,
				A10000000000000000000006 /* PencilOverlay.swift in Sources */,
				A10000000000000000000007 /* ConnectionView.swift in Sources */,
				A10000000000000000000008 /* WorkspaceView.swift in Sources */,
			);
			runOnlyForDeploymentPostprocessing = 0;
		};
/* End PBXSourcesBuildPhase section */

/* Begin XCBuildConfiguration section */
		F10000000000000000000003 /* Debug */ = {
			isa = XCBuildConfiguration;
			buildSettings = {
				ALWAYS_SEARCH_USER_PATHS = NO;
				CLANG_ENABLE_MODULES = YES;
				CLANG_WARN_BLOCK_CAPTURE_AUTORELEASING = YES;
				CLANG_WARN_BOOL_CONVERSION = YES;
				CLANG_WARN_COMMA = YES;
				CLANG_WARN_CONSTANT_CONVERSION = YES;
				CLANG_WARN_DEPRECATED_OBJC_IMPLEMENTATIONS = YES;
				CLANG_WARN_EMPTY_BODY = YES;
				CLANG_WARN_ENUM_CONVERSION = YES;
				CLANG_WARN_INFINITE_RECURSION = YES;
				CLANG_WARN_INT_CONVERSION = YES;
				CLANG_WARN_NON_LITERAL_NULL_CONVERSION = YES;
				CLANG_WARN_OBJC_IMPLICIT_RETAIN_SELF = YES;
				CLANG_WARN_OBJC_LITERAL_CONVERSION = YES;
				CLANG_WARN_QUOTED_INCLUDE_IN_FRAMEWORK_HEADER = YES;
				CLANG_WARN_RANGE_LOOP_ANALYSIS = YES;
				CLANG_WARN_STRICT_PROTOTYPES = YES;
				CLANG_WARN_SUSPICIOUS_MOVE = YES;
				CLANG_WARN_UNREACHABLE_CODE = YES;
				CLANG_WARN__DUPLICATE_METHOD_MATCH = YES;
				DEVELOPMENT_TEAM = 3BYWF9Y4HC;
				ENABLE_STRICT_OBJC_MSGSEND = YES;
				ENABLE_TESTABILITY = YES;
				ENABLE_USER_SCRIPT_SANDBOXING = YES;
				GCC_NO_COMMON_BLOCKS = YES;
				GCC_WARN_64_TO_32_BIT_CONVERSION = YES;
				GCC_WARN_ABOUT_RETURN_TYPE = YES;
				GCC_WARN_UNDECLARED_SELECTOR = YES;
				GCC_WARN_UNINITIALIZED_AUTOS = YES;
				GCC_WARN_UNUSED_FUNCTION = YES;
				GCC_WARN_UNUSED_VARIABLE = YES;
				IPHONEOS_DEPLOYMENT_TARGET = 18.0;
				ONLY_ACTIVE_ARCH = YES;
				SDKROOT = iphoneos;
				STRING_CATALOG_GENERATE_SYMBOLS = YES;
				SWIFT_VERSION = 5.0;
			};
			name = Debug;
		};
		F10000000000000000000004 /* Release */ = {
			isa = XCBuildConfiguration;
			buildSettings = {
				ALWAYS_SEARCH_USER_PATHS = NO;
				CLANG_ENABLE_MODULES = YES;
				CLANG_WARN_BLOCK_CAPTURE_AUTORELEASING = YES;
				CLANG_WARN_BOOL_CONVERSION = YES;
				CLANG_WARN_COMMA = YES;
				CLANG_WARN_CONSTANT_CONVERSION = YES;
				CLANG_WARN_DEPRECATED_OBJC_IMPLEMENTATIONS = YES;
				CLANG_WARN_EMPTY_BODY = YES;
				CLANG_WARN_ENUM_CONVERSION = YES;
				CLANG_WARN_INFINITE_RECURSION = YES;
				CLANG_WARN_INT_CONVERSION = YES;
				CLANG_WARN_NON_LITERAL_NULL_CONVERSION = YES;
				CLANG_WARN_OBJC_IMPLICIT_RETAIN_SELF = YES;
				CLANG_WARN_OBJC_LITERAL_CONVERSION = YES;
				CLANG_WARN_QUOTED_INCLUDE_IN_FRAMEWORK_HEADER = YES;
				CLANG_WARN_RANGE_LOOP_ANALYSIS = YES;
				CLANG_WARN_STRICT_PROTOTYPES = YES;
				CLANG_WARN_SUSPICIOUS_MOVE = YES;
				CLANG_WARN_UNREACHABLE_CODE = YES;
				CLANG_WARN__DUPLICATE_METHOD_MATCH = YES;
				DEVELOPMENT_TEAM = 3BYWF9Y4HC;
				ENABLE_STRICT_OBJC_MSGSEND = YES;
				ENABLE_USER_SCRIPT_SANDBOXING = YES;
				GCC_NO_COMMON_BLOCKS = YES;
				GCC_WARN_64_TO_32_BIT_CONVERSION = YES;
				GCC_WARN_ABOUT_RETURN_TYPE = YES;
				GCC_WARN_UNDECLARED_SELECTOR = YES;
				GCC_WARN_UNINITIALIZED_AUTOS = YES;
				GCC_WARN_UNUSED_FUNCTION = YES;
				GCC_WARN_UNUSED_VARIABLE = YES;
				IPHONEOS_DEPLOYMENT_TARGET = 18.0;
				SDKROOT = iphoneos;
				STRING_CATALOG_GENERATE_SYMBOLS = YES;
				SWIFT_COMPILATION_MODE = wholemodule;
				SWIFT_VERSION = 5.0;
			};
			name = Release;
		};
		F10000000000000000000005 /* Debug */ = {
			isa = XCBuildConfiguration;
			buildSettings = {
				CLANG_ENABLE_OBJC_WEAK = YES;
				CODE_SIGN_STYLE = Automatic;
				CURRENT_PROJECT_VERSION = 1;
				GENERATE_INFOPLIST_FILE = NO;
				INFOPLIST_FILE = TouchCode/Info.plist;
				MARKETING_VERSION = 0.1;
				PRODUCT_BUNDLE_IDENTIFIER = com.touchcode.ipad;
				PRODUCT_NAME = "$(TARGET_NAME)";
				SUPPORTED_PLATFORMS = "iphoneos iphonesimulator";
				SUPPORTS_MACCATALYST = NO;
				SWIFT_EMIT_LOC_STRINGS = YES;
				TARGETED_DEVICE_FAMILY = 2;
			};
			name = Debug;
		};
		F10000000000000000000006 /* Release */ = {
			isa = XCBuildConfiguration;
			buildSettings = {
				CLANG_ENABLE_OBJC_WEAK = YES;
				CODE_SIGN_STYLE = Automatic;
				CURRENT_PROJECT_VERSION = 1;
				GENERATE_INFOPLIST_FILE = NO;
				INFOPLIST_FILE = TouchCode/Info.plist;
				MARKETING_VERSION = 0.1;
				PRODUCT_BUNDLE_IDENTIFIER = com.touchcode.ipad;
				PRODUCT_NAME = "$(TARGET_NAME)";
				SUPPORTED_PLATFORMS = "iphoneos iphonesimulator";
				SUPPORTS_MACCATALYST = NO;
				SWIFT_EMIT_LOC_STRINGS = YES;
				TARGETED_DEVICE_FAMILY = 2;
			};
			name = Release;
		};
/* End XCBuildConfiguration section */

/* Begin XCConfigurationList section */
		F10000000000000000000001 /* Build configuration list for PBXProject "TouchCode" */ = {
			isa = XCConfigurationList;
			buildConfigurations = (
				F10000000000000000000003 /* Debug */,
				F10000000000000000000004 /* Release */,
			);
			defaultConfigurationIsVisible = 0;
			defaultConfigurationName = Release;
		};
		F10000000000000000000002 /* Build configuration list for PBXNativeTarget "TouchCode" */ = {
			isa = XCConfigurationList;
			buildConfigurations = (
				F10000000000000000000005 /* Debug */,
				F10000000000000000000006 /* Release */,
			);
			defaultConfigurationIsVisible = 0;
			defaultConfigurationName = Release;
		};
/* End XCConfigurationList section */
	};
	rootObject = E10000000000000000000002 /* Project object */;
}
